
Microsoft Visual Studio Solution File, Format Version 12.00
# Visual Studio Version 17
VisualStudioVersion = 17.14.36518.9 d17.14
MinimumVisualStudioVersion = 10.0.40219.1
Project("{FAE04EC0-301F-11D3-BF4B-00C04F79EFBC}") = "Kemar.HRM.API", "Kemar.HRM.API\Kemar.HRM.API.csproj", "{AB2D3FA2-E560-4CBB-90E0-8E105C4C4B9F}"
EndProject
Project("{FAE04EC0-301F-11D3-BF4B-00C04F79EFBC}") = "Kemar.HRM.Business", "Kemar.HRM.Business\Kemar.HRM.Business.csproj", "{AE168C45-FCA4-4089-B92D-8AD43E056AD2}"
EndProject
Project("{FAE04EC0-301F-11D3-BF4B-00C04F79EFBC}") = "Kemar.HRM.Model", "Kemar.HRM.Model\Kemar.HRM.Model.csproj", "{F4219FE8-B8E7-4F58-A034-9CA671E2AB0C}"
EndProject
Project("{FAE04EC0-301F-11D3-BF4B-00C04F79EFBC}") = "Kemar.HRM.Repository", "Kemar.HRM.Repository\Kemar.HRM.Repository.csproj", "{0AF7C166-1DC2-4326-AF0E-DBB33B7B22CB}"
EndProject
Global
	GlobalSection(SolutionConfigurationPlatforms) = preSolution
		Debug|Any CPU = Debug|Any CPU
		Release|Any CPU = Release|Any CPU
	EndGlobalSection
	GlobalSection(ProjectConfigurationPlatforms) = postSolution
		{AB2D3FA2-E560-4CBB-90E0-8E105C4C4B9F}.Debug|Any CPU.ActiveCfg = Debug|Any CPU
		{AB2D3FA2-E560-4CBB-90E0-8E105C4C4B9F}.Debug|Any CPU.Build.0 = Debug|Any CPU
		{AB2D3FA2-E560-4CBB-90E0-8E105C4C4B9F}.Release|Any CPU.ActiveCfg = Release|Any CPU
		{AB2D3FA2-E560-4CBB-90E0-8E105C4C4B9F}.Release|Any CPU.Build.0 = Release|Any CPU
		{AE168C45-FCA4-4089-B92D-8AD43E056AD2}.Debug|Any CPU.ActiveCfg = Debug|Any CPU
		{AE168C45-FCA4-4089-B92D-8AD43E056AD2}.Debug|Any CPU.Build.0 = Debug|Any CPU
		{AE168C45-FCA4-4089-B92D-8AD43E056AD2}.Release|Any CPU.ActiveCfg = Release|Any CPU
		{AE168C45-FCA4-4089-B92D-8AD43E056AD2}.Release|Any CPU.Build.0 = Release|Any CPU
		{F4219FE8-B8E7-4F58-A034-9CA671E2AB0C}.Debug|Any CPU.ActiveCfg = Debug|Any CPU
		{F4219FE8-B8E7-4F58-A034-9CA671E2AB0C}.Debug|Any CPU.Build.0 = Debug|Any CPU
		{F4219FE8-B8E7-4F58-A034-9CA671E2AB0C}.Release|Any CPU.ActiveCfg = Release|Any CPU
		{F4219FE8-B8E7-4F58-A034-9CA671E2AB0C}.Release|Any CPU.Build.0 = Release|Any CPU
		{0AF7C166-1DC2-4326-AF0E-DBB33B7B22CB}.Debug|Any CPU.ActiveCfg = Debug|Any CPU
		{0AF7C166-1DC2-4326-AF0E-DBB33B7B22CB}.Debug|Any CPU.Build.0 = Debug|Any CPU
		{0AF7C166-1DC2-4326-AF0E-DBB33B7B22CB}.Release|Any CPU.ActiveCfg = Release|Any CPU
		{0AF7C166-1DC2-4326-AF0E-DBB33B7B22CB}.Release|Any CPU.Build.0 = Release|Any CPU
	EndGlobalSection
	GlobalSection(SolutionProperties) = preSolution
		HideSolutionNode = FALSE
	EndGlobalSection
	GlobalSection(ExtensibilityGlobals) = postSolution
		SolutionGuid = {2DE45DFA-1E2F-4467-A983-0D2F7611E2C7}
	EndGlobalSection
EndGlobal
